// !$*UTF8*$!
{
	archiveVersion = 1;
	classes = {
	};
	objectVersion = 50;
	objects = {

/* Begin PBXBuildFile section */
		489C567022519DDD00AA1318 /* AppDelegate.m in Sources */ = {isa = PBXBuildFile; fileRef = 489C566F22519DDD00AA1318 /* AppDelegate.m */; };
		489C567322519DDD00AA1318 /* ViewController.m in Sources */ = {isa = PBXBuildFile; fileRef = 489C567222519DDD00AA1318 /* ViewController.m */; };
		489C567622519DDD00AA1318 /* Main.storyboard in Resources */ = {isa = PBXBuildFile; fileRef = 489C567422519DDD00AA1318 /* Main.storyboard */; };
		489C567822519DDF00AA1318 /* Assets.xcassets in Resources */ = {isa = PBXBuildFile; fileRef = 489C567722519DDF00AA1318 /* Assets.xcassets */; };
		489C567B22519DDF00AA1318 /* LaunchScreen.storyboard in Resources */ = {isa = PBXBuildFile; fileRef = 489C567922519DDF00AA1318 /* LaunchScreen.storyboard */; };
		489C567E22519DDF00AA1318 /* main.m in Sources */ = {isa = PBXBuildFile; fileRef = 489C567D22519DDF00AA1318 /* main.m */; };
		489C568822519DDF00AA1318 /* MyDemoTests.m in Sources */ = {isa = PBXBuildFile; fileRef = 489C568722519DDF00AA1318 /* MyDemoTests.m */; };
		489C569322519DDF00AA1318 /* MyDemoUITests.m in Sources */ = {isa = PBXBuildFile; fileRef = 489C569222519DDF00AA1318 /* MyDemoUITests.m */; };
		489C56A222519F4E00AA1318 /* UIButton+EnlargeEdge.m in Sources */ = {isa = PBXBuildFile; fileRef = 489C56A122519F4E00AA1318 /* UIButton+EnlargeEdge.m */; };
/* End PBXBuildFile section */

/* Begin PBXContainerItemProxy section */
		489C568422519DDF00AA1318 /* PBXContainerItemProxy */ = {
			isa = PBXContainerItemProxy;
			containerPortal = 489C566322519DDD00AA1318 /* Project object */;
			proxyType = 1;
			remoteGlobalIDString = 489C566A22519DDD00AA1318;
			remoteInfo = MyDemo;
		};
		489C568F22519DDF00AA1318 /* PBXContainerItemProxy */ = {
			isa = PBXContainerItemProxy;
			containerPortal = 489C566322519DDD00AA1318 /* Project object */;
			proxyType = 1;
			remoteGlobalIDString = 489C566A22519DDD00AA1318;
			remoteInfo = MyDemo;
		};
/* End PBXContainerItemProxy section */

/* Begin PBXFileReference section */
		489C566B22519DDD00AA1318 /* MyDemo.app */ = {isa = PBXFileReference; explicitFileType = wrapper.application; includeInIndex = 0; path = MyDemo.app; sourceTree = BUILT_PRODUCTS_DIR; };
		489C566E22519DDD00AA1318 /* AppDelegate.h */ = {isa = PBXFileReference; lastKnownFileType = sourcecode.c.h; path = AppDelegate.h; sourceTree = "<group>"; };
		489C566F22519DDD00AA1318 /* AppDelegate.m */ = {isa = PBXFileReference; lastKnownFileType = sourcecode.c.objc; path = AppDelegate.m; sourceTree = "<group>"; };
		489C567122519DDD00AA1318 /* ViewController.h */ = {isa = PBXFileReference; lastKnownFileType = sourcecode.c.h; path = ViewController.h; sourceTree = "<group>"; };
		489C567222519DDD00AA1318 /* ViewController.m */ = {isa = PBXFileReference; lastKnownFileType = sourcecode.c.objc; path = ViewController.m; sourceTree = "<group>"; };
		489C567522519DDD00AA1318 /* Base */ = {isa = PBXFileReference; lastKnownFileType = file.storyboard; name = Base; path = Base.lproj/Main.storyboard; sourceTree = "<group>"; };
		489C567722519DDF00AA1318 /* Assets.xcassets */ = {isa = PBXFileReference; lastKnownFileType = folder.assetcatalog; path = Assets.xcassets; sourceTree = "<group>"; };
		489C567A22519DDF00AA1318 /* Base */ = {isa = PBXFileReference; lastKnownFileType = file.storyboard; name = Base; path = Base.lproj/LaunchScreen.storyboard; sourceTree = "<group>"; };
		489C567C22519DDF00AA1318 /* Info.plist */ = {isa = PBXFileReference; lastKnownFileType = text.plist.xml; path = Info.plist; sourceTree = "<group>"; };
		489C567D22519DDF00AA1318 /* main.m */ = {isa = PBXFileReference; lastKnownFileType = sourcecode.c.objc; path = main.m; sourceTree = "<group>"; };
		489C568322519DDF00AA1318 /* MyDemoTests.xctest */ = {isa = PBXFileReference; explicitFileType = wrapper.cfbundle; includeInIndex = 0; path = MyDemoTests.xctest; sourceTree = BUILT_PRODUCTS_DIR; };
		489C568722519DDF00AA1318 /* MyDemoTests.m */ = {isa = PBXFileReference; lastKnownFileType = sourcecode.c.objc; path = MyDemoTests.m; sourceTree = "<group>"; };
		489C568922519DDF00AA1318 /* Info.plist */ = {isa = PBXFileReference; lastKnownFileType = text.plist.xml; path = Info.plist; sourceTree = "<group>"; };
		489C568E22519DDF00AA1318 /* MyDemoUITests.xctest */ = {isa = PBXFileReference; explicitFileType = wrapper.cfbundle; includeInIndex = 0; path = MyDemoUITests.xctest; sourceTree = BUILT_PRODUCTS_DIR; };
		489C569222519DDF00AA1318 /* MyDemoUITests.m */ = {isa = PBXFileReference; lastKnownFileType = sourcecode.c.objc; path = MyDemoUITests.m; sourceTree = "<group>"; };
		489C569422519DDF00AA1318 /* Info.plist */ = {isa = PBXFileReference; lastKnownFileType = text.plist.xml; path = Info.plist; sourceTree = "<group>"; };
		489C56A022519F4E00AA1318 /* UIButton+EnlargeEdge.h */ = {isa = PBXFileReference; fileEncoding = 4; lastKnownFileType = sourcecode.c.h; path = "UIButton+EnlargeEdge.h"; sourceTree = "<group>"; };
		489C56A122519F4E00AA1318 /* UIButton+EnlargeEdge.m */ = {isa = PBXFileReference; fileEncoding = 4; lastKnownFileType = sourcecode.c.objc; path = "UIButton+EnlargeEdge.m"; sourceTree = "<group>"; };
/* End PBXFileReference section */

/* Begin PBXFrameworksBuildPhase section */
		489C566822519DDD00AA1318 /* Frameworks */ = {
			isa = PBXFrameworksBuildPhase;
			buildActionMask = 2147483647;
			files = (
			);
			runOnlyForDeploymentPostprocessing = 0;
		};
		489C568022519DDF00AA1318 /* Frameworks */ = {
			isa = PBXFrameworksBuildPhase;
			buildActionMask = 2147483647;
			files = (
			);
			runOnlyForDeploymentPostprocessing = 0;
		};
		489C568B22519DDF00AA1318 /* Frameworks */ = {
			isa = PBXFrameworksBuildPhase;
			buildActionMask = 2147483647;
			files = (
			);
			runOnlyForDeploymentPostprocessing = 0;
		};
/* End PBXFrameworksBuildPhase section */

/* Begin PBXGroup section */
		489C566222519DDD00AA1318 = {
			isa = PBXGroup;
			children = (
				489C566D22519DDD00AA1318 /* MyDemo */,
				489C568622519DDF00AA1318 /* MyDemoTests */,
				489C569122519DDF00AA1318 /* MyDemoUITests */,
				489C566C22519DDD00AA1318 /* Products */,
			);
			sourceTree = "<group>";
		};
		489C566C22519DDD00AA1318 /* Products */ = {
			isa = PBXGroup;
			children = (
				489C566B22519DDD00AA1318 /* MyDemo.app */,
				489C568322519DDF00AA1318 /* MyDemoTests.xctest */,
				489C568E22519DDF00AA1318 /* MyDemoUITests.xctest */,
			);
			name = Products;
			sourceTree = "<group>";
		};
		489C566D22519DDD00AA1318 /* MyDemo */ = {
			isa = PBXGroup;
			children = (
				489C566E22519DDD00AA1318 /* AppDelegate.h */,
				489C566F22519DDD00AA1318 /* AppDelegate.m */,
				489C567122519DDD00AA1318 /* ViewController.h */,
				489C567222519DDD00AA1318 /* ViewController.m */,
				489C56A022519F4E00AA1318 /* UIButton+EnlargeEdge.h */,
				489C56A122519F4E00AA1318 /* UIButton+EnlargeEdge.m */,
				489C567422519DDD00AA1318 /* Main.storyboard */,
				489C567722519DDF00AA1318 /* Assets.xcassets */,
				489C567922519DDF00AA1318 /* LaunchScreen.storyboard */,
				489C567C22519DDF00AA1318 /* Info.plist */,
				489C567D22519DDF00AA1318 /* main.m */,
			);
			path = MyDemo;
			sourceTree = "<group>";
		};
		489C568622519DDF00AA1318 /* MyDemoTests */ = {
			isa = PBXGroup;
			children = (
				489C568722519DDF00AA1318 /* MyDemoTests.m */,
				489C568922519DDF00AA1318 /* Info.plist */,
			);
			path = MyDemoTests;
			sourceTree = "<group>";
		};
		489C569122519DDF00AA1318 /* MyDemoUITests */ = {
			isa = PBXGroup;
			children = (
				489C569222519DDF00AA1318 /* MyDemoUITests.m */,
				489C569422519DDF00AA1318 /* Info.plist */,
			);
			path = MyDemoUITests;
			sourceTree = "<group>";
		};
/* End PBXGroup section */

/* Begin PBXNativeTarget section */
		489C566A22519DDD00AA1318 /* MyDemo */ = {
			isa = PBXNativeTarget;
			buildConfigurationList = 489C569722519DDF00AA1318 /* Build configuration list for PBXNativeTarget "MyDemo" */;
			buildPhases = (
				489C566722519DDD00AA1318 /* Sources */,
				489C566822519DDD00AA1318 /* Frameworks */,
				489C566922519DDD00AA1318 /* Resources */,
			);
			buildRules = (
			);
			dependencies = (
			);
			name = MyDemo;
			productName = MyDemo;
			productReference = 489C566B22519DDD00AA1318 /* MyDemo.app */;
			productType = "com.apple.product-type.application";
		};
		489C568222519DDF00AA1318 /* MyDemoTests */ = {
			isa = PBXNativeTarget;
			buildConfigurationList = 489C569A22519DDF00AA1318 /* Build configuration list for PBXNativeTarget "MyDemoTests" */;
			buildPhases = (
				489C567F22519DDF00AA1318 /* Sources */,
				489C568022519DDF00AA1318 /* Frameworks */,
				489C568122519DDF00AA1318 /* Resources */,
			);
			buildRules = (
			);
			dependencies = (
				489C568522519DDF00AA1318 /* PBXTargetDependency */,
			);
			name = MyDemoTests;
			productName = MyDemoTests;
			productReference = 489C568322519DDF00AA1318 /* MyDemoTests.xctest */;
			productType = "com.apple.product-type.bundle.unit-test";
		};
		489C568D22519DDF00AA1318 /* MyDemoUITests */ = {
			isa = PBXNativeTarget;
			buildConfigurationList = 489C569D22519DDF00AA1318 /* Build configuration list for PBXNativeTarget "MyDemoUITests" */;
			buildPhases = (
				489C568A22519DDF00AA1318 /* Sources */,
				489C568B22519DDF00AA1318 /* Frameworks */,
				489C568C22519DDF00AA1318 /* Resources */,
			);
			buildRules = (
			);
			dependencies = (
				489C569022519DDF00AA1318 /* PBXTargetDependency */,
			);
			name = MyDemoUITests;
			productName = MyDemoUITests;
			productReference = 489C568E22519DDF00AA1318 /* MyDemoUITests.xctest */;
			productType = "com.apple.product-type.bundle.ui-testing";
		};
/* End PBXNativeTarget section */

/* Begin PBXProject section */
		489C566322519DDD00AA1318 /* Project object */ = {
			isa = PBXProject;
			attributes = {
				LastUpgradeCheck = 1010;
				ORGANIZATIONNAME = hzsmac;
				TargetAttributes = {
					489C566A22519DDD00AA1318 = {
						CreatedOnToolsVersion = 10.1;
					};
					489C568222519DDF00AA1318 = {
						CreatedOnToolsVersion = 10.1;
						TestTargetID = 489C566A22519DDD00AA1318;
					};
					489C568D22519DDF00AA1318 = {
						CreatedOnToolsVersion = 10.1;
						TestTargetID = 489C566A22519DDD00AA1318;
					};
				};
			};
			buildConfigurationList = 489C566622519DDD00AA1318 /* Build configuration list for PBXProject "MyDemo" */;
			compatibilityVersion = "Xcode 9.3";
			developmentRegion = en;
			hasScannedForEncodings = 0;
			knownRegions = (
				en,
				Base,
			);
			mainGroup = 489C566222519DDD00AA1318;
			productRefGroup = 489C566C22519DDD00AA1318 /* Products */;
			projectDirPath = "";
			projectRoot = "";
			targets = (
				489C566A22519DDD00AA1318 /* MyDemo */,
				489C568222519DDF00AA1318 /* MyDemoTests */,
				489C568D22519DDF00AA1318 /* MyDemoUITests */,
			);
		};
/* End PBXProject section */

/* Begin PBXResourcesBuildPhase section */
		489C566922519DDD00AA1318 /* Resources */ = {
			isa = PBXResourcesBuildPhase;
			buildActionMask = 2147483647;
			files = (
				489C567B22519DDF00AA1318 /* LaunchScreen.storyboard in Resources */,
				489C567822519DDF00AA1318 /* Assets.xcassets in Resources */,
				489C567622519DDD00AA1318 /* Main.storyboard in Resources */,
			);
			runOnlyForDeploymentPostprocessing = 0;
		};
		489C568122519DDF00AA1318 /* Resources */ = {
			isa = PBXResourcesBuildPhase;
			buildActionMask = 2147483647;
			files = (
			);
			runOnlyForDeploymentPostprocessing = 0;
		};
		489C568C22519DDF00AA1318 /* Resources */ = {
			isa = PBXResourcesBuildPhase;
			buildActionMask = 2147483647;
			files = (
			);
			runOnlyForDeploymentPostprocessing = 0;
		};
/* End PBXResourcesBuildPhase section */

/* Begin PBXSourcesBuildPhase section */
		489C566722519DDD00AA1318 /* Sources */ = {
			isa = PBXSourcesBuildPhase;
			buildActionMask = 2147483647;
			files = (
				489C567322519DDD00AA1318 /* ViewController.m in Sources */,
				489C56A222519F4E00AA1318 /* UIButton+EnlargeEdge.m in Sources */,
				489C567E22519DDF00AA1318 /* main.m in Sources */,
				489C567022519DDD00AA1318 /* AppDelegate.m in Sources */,
			);
			runOnlyForDeploymentPostprocessing = 0;
		};
		489C567F22519DDF00AA1318 /* Sources */ = {
			isa = PBXSourcesBuildPhase;
			buildActionMask = 2147483647;
			files = (
				489C568822519DDF00AA1318 /* MyDemoTests.m in Sources */,
			);
			runOnlyForDeploymentPostprocessing = 0;
		};
		489C568A22519DDF00AA1318 /* Sources */ = {
			isa = PBXSourcesBuildPhase;
			buildActionMask = 2147483647;
			files = (
				489C569322519DDF00AA1318 /* MyDemoUITests.m in Sources */,
			);
			runOnlyForDeploymentPostprocessing = 0;
		};
/* End PBXSourcesBuildPhase section */

/* Begin PBXTargetDependency section */
		489C568522519DDF00AA1318 /* PBXTargetDependency */ = {
			isa = PBXTargetDependency;
			target = 489C566A22519DDD00AA1318 /* MyDemo */;
			targetProxy = 489C568422519DDF00AA1318 /* PBXContainerItemProxy */;
		};
		489C569022519DDF00AA1318 /* PBXTargetDependency */ = {
			isa = PBXTargetDependency;
			target = 489C566A22519DDD00AA1318 /* MyDemo */;
			targetProxy = 489C568F22519DDF00AA1318 /* PBXContainerItemProxy */;
		};
/* End PBXTargetDependency section */

/* Begin PBXVariantGroup section */
		489C567422519DDD00AA1318 /* Main.storyboard */ = {
			isa = PBXVariantGroup;
			children = (
				489C567522519DDD00AA1318 /* Base */,
			);
			name = Main.storyboard;
			sourceTree = "<group>";
		};
		489C567922519DDF00AA1318 /* LaunchScreen.storyboard */ = {
			isa = PBXVariantGroup;
			children = (
				489C567A22519DDF00AA1318 /* Base */,
			);
			name = LaunchScreen.storyboard;
			sourceTree = "<group>";
		};
/* End PBXVariantGroup section */

/* Begin XCBuildConfiguration section */
		489C569522519DDF00AA1318 /* Debug */ = {
			isa = XCBuildConfiguration;
			buildSettings = {
				ALWAYS_SEARCH_USER_PATHS = NO;
				CLANG_ANALYZER_NONNULL = YES;
				CLANG_ANALYZER_NUMBER_OBJECT_CONVERSION = YES_AGGRESSIVE;
				CLANG_CXX_LANGUAGE_STANDARD = "gnu++14";
				CLANG_CXX_LIBRARY = "libc++";
				CLANG_ENABLE_MODULES = YES;
				CLANG_ENABLE_OBJC_ARC = YES;
				CLANG_ENABLE_OBJC_WEAK = YES;
				CLANG_WARN_BLOCK_CAPTURE_AUTORELEASING = YES;
				CLANG_WARN_BOOL_CONVERSION = YES;
				CLANG_WARN_COMMA = YES;
				CLANG_WARN_CONSTANT_CONVERSION = YES;
				CLANG_WARN_DEPRECATED_OBJC_IMPLEMENTATIONS = YES;
				CLANG_WARN_DIRECT_OBJC_ISA_USAGE = YES_ERROR;
				CLANG_WARN_DOCUMENTATION_COMMENTS = YES;
				CLANG_WARN_EMPTY_BODY = YES;
				CLANG_WARN_ENUM_CONVERSION = YES;
				CLANG_WARN_INFINITE_RECURSION = YES;
				CLANG_WARN_INT_CONVERSION = YES;
				CLANG_WARN_NON_LITERAL_NULL_CONVERSION = YES;
				CLANG_WARN_OBJC_IMPLICIT_RETAIN_SELF = YES;
				CLANG_WARN_OBJC_LITERAL_CONVERSION = YES;
				CLANG_WARN_OBJC_ROOT_CLASS = YES_ERROR;
				CLANG_WARN_RANGE_LOOP_ANALYSIS = YES;
				CLANG_WARN_STRICT_PROTOTYPES = YES;
				CLANG_WARN_SUSPICIOUS_MOVE = YES;
				CLANG_WARN_UNGUARDED_AVAILABILITY = YES_AGGRESSIVE;
				CLANG_WARN_UNREACHABLE_CODE = YES;
				CLANG_WARN__DUPLICATE_METHOD_MATCH = YES;
				CODE_SIGN_IDENTITY = "iPhone Developer";
				COPY_PHASE_STRIP = NO;
				DEBUG_INFORMATION_FORMAT = dwarf;
				ENABLE_STRICT_OBJC_MSGSEND = YES;
				ENABLE_TESTABILITY = YES;
				GCC_C_LANGUAGE_STANDARD = gnu11;
				GCC_DYNAMIC_NO_PIC = NO;
				GCC_NO_COMMON_BLOCKS = YES;
				GCC_OPTIMIZATION_LEVEL = 0;
				GCC_PREPROCESSOR_DEFINITIONS = (
					"DEBUG=1",
					"$(inherited)",
				);
				GCC_WARN_64_TO_32_BIT_CONVERSION = YES;
				GCC_WARN_ABOUT_RETURN_TYPE = YES_ERROR;
				GCC_WARN_UNDECLARED_SELECTOR = YES;
				GCC_WARN_UNINITIALIZED_AUTOS = YES_AGGRESSIVE;
				GCC_WARN_UNUSED_FUNCTION = YES;
				GCC_WARN_UNUSED_VARIABLE = YES;
				IPHONEOS_DEPLOYMENT_TARGET = 12.1;
				MTL_ENABLE_DEBUG_INFO = INCLUDE_SOURCE;
				MTL_FAST_MATH = YES;
				ONLY_ACTIVE_ARCH = YES;
				SDKROOT = iphoneos;
			};
			name = Debug;
		};
		489C569622519DDF00AA1318 /* Release */ = {
			isa = XCBuildConfiguration;
			buildSettings = {
				ALWAYS_SEARCH_USER_PATHS = NO;
				CLANG_ANALYZER_NONNULL = YES;
				CLANG_ANALYZER_NUMBER_OBJECT_CONVERSION = YES_AGGRESSIVE;
				CLANG_CXX_LANGUAGE_STANDARD = "gnu++14";
				CLANG_CXX_LIBRARY = "libc++";
				CLANG_ENABLE_MODULES = YES;
				CLANG_ENABLE_OBJC_ARC = YES;
				CLANG_ENABLE_OBJC_WEAK = YES;
				CLANG_WARN_BLOCK_CAPTURE_AUTORELEASING = YES;
				CLANG_WARN_BOOL_CONVERSION = YES;
				CLANG_WARN_COMMA = YES;
				CLANG_WARN_CONSTANT_CONVERSION = YES;
				CLANG_WARN_DEPRECATED_OBJC_IMPLEMENTATIONS = YES;
				CLANG_WARN_DIRECT_OBJC_ISA_USAGE = YES_ERROR;
				CLANG_WARN_DOCUMENTATION_COMMENTS = YES;
				CLANG_WARN_EMPTY_BODY = YES;
				CLANG_WARN_ENUM_CONVERSION = YES;
				CLANG_WARN_INFINITE_RECURSION = YES;
				CLANG_WARN_INT_CONVERSION = YES;
				CLANG_WARN_NON_LITERAL_NULL_CONVERSION = YES;
				CLANG_WARN_OBJC_IMPLICIT_RETAIN_SELF = YES;
				CLANG_WARN_OBJC_LITERAL_CONVERSION = YES;
				CLANG_WARN_OBJC_ROOT_CLASS = YES_ERROR;
				CLANG_WARN_RANGE_LOOP_ANALYSIS = YES;
				CLANG_WARN_STRICT_PROTOTYPES = YES;
				CLANG_WARN_SUSPICIOUS_MOVE = YES;
				CLANG_WARN_UNGUARDED_AVAILABILITY = YES_AGGRESSIVE;
				CLANG_WARN_UNREACHABLE_CODE = YES;
				CLANG_WARN__DUPLICATE_METHOD_MATCH = YES;
				CODE_SIGN_IDENTITY = "iPhone Developer";
				COPY_PHASE_STRIP = NO;
				DEBUG_INFORMATION_FORMAT = "dwarf-with-dsym";
				ENABLE_NS_ASSERTIONS = NO;
				ENABLE_STRICT_OBJC_MSGSEND = YES;
				GCC_C_LANGUAGE_STANDARD = gnu11;
				GCC_NO_COMMON_BLOCKS = YES;
				GCC_WARN_64_TO_32_BIT_CONVERSION = YES;
				GCC_WARN_ABOUT_RETURN_TYPE = YES_ERROR;
				GCC_WARN_UNDECLARED_SELECTOR = YES;
				GCC_WARN_UNINITIALIZED_AUTOS = YES_AGGRESSIVE;
				GCC_WARN_UNUSED_FUNCTION = YES;
				GCC_WARN_UNUSED_VARIABLE = YES;
				IPHONEOS_DEPLOYMENT_TARGET = 12.1;
				MTL_ENABLE_DEBUG_INFO = NO;
				MTL_FAST_MATH = YES;
				SDKROOT = iphoneos;
				VALIDATE_PRODUCT = YES;
			};
			name = Release;
		};
		489C569822519DDF00AA1318 /* Debug */ = {
			isa = XCBuildConfiguration;
			buildSettings = {
				ASSETCATALOG_COMPILER_APPICON_NAME = AppIcon;
				CODE_SIGN_STYLE = Automatic;
				INFOPLIST_FILE = MyDemo/Info.plist;
				LD_RUNPATH_SEARCH_PATHS = (
					"$(inherited)",
					"@executable_path/Frameworks",
				);
				PRODUCT_BUNDLE_IDENTIFIER = rr.MyDemo;
				PRODUCT_NAME = "$(TARGET_NAME)";
				TARGETED_DEVICE_FAMILY = "1,2";
			};
			name = Debug;
		};
		489C569922519DDF00AA1318 /* Release */ = {
			isa = XCBuildConfiguration;
			buildSettings = {
				ASSETCATALOG_COMPILER_APPICON_NAME = AppIcon;
				CODE_SIGN_STYLE = Automatic;
				INFOPLIST_FILE = MyDemo/Info.plist;
				LD_RUNPATH_SEARCH_PATHS = (
					"$(inherited)",
					"@executable_path/Frameworks",
				);
				PRODUCT_BUNDLE_IDENTIFIER = rr.MyDemo;
				PRODUCT_NAME = "$(TARGET_NAME)";
				TARGETED_DEVICE_FAMILY = "1,2";
			};
			name = Release;
		};
		489C569B22519DDF00AA1318 /* Debug */ = {
			isa = XCBuildConfiguration;
			buildSettings = {
				BUNDLE_LOADER = "$(TEST_HOST)";
				CODE_SIGN_STYLE = Automatic;
				INFOPLIST_FILE = MyDemoTests/Info.plist;
				LD_RUNPATH_SEARCH_PATHS = (
					"$(inherited)",
					"@executable_path/Frameworks",
					"@loader_path/Frameworks",
				);
				PRODUCT_BUNDLE_IDENTIFIER = rr.MyDemoTests;
				PRODUCT_NAME = "$(TARGET_NAME)";
				TARGETED_DEVICE_FAMILY = "1,2";
				TEST_HOST = "$(BUILT_PRODUCTS_DIR)/MyDemo.app/MyDemo";
			};
			name = Debug;
		};
		489C569C22519DDF00AA1318 /* Release */ = {
			isa = XCBuildConfiguration;
			buildSettings = {
				BUNDLE_LOADER = "$(TEST_HOST)";
				CODE_SIGN_STYLE = Automatic;
				INFOPLIST_FILE = MyDemoTests/Info.plist;
				LD_RUNPATH_SEARCH_PATHS = (
					"$(inherited)",
					"@executable_path/Frameworks",
					"@loader_path/Frameworks",
				);
				PRODUCT_BUNDLE_IDENTIFIER = rr.MyDemoTests;
				PRODUCT_NAME = "$(TARGET_NAME)";
				TARGETED_DEVICE_FAMILY = "1,2";
				TEST_HOST = "$(BUILT_PRODUCTS_DIR)/MyDemo.app/MyDemo";
			};
			name = Release;
		};
		489C569E22519DDF00AA1318 /* Debug */ = {
			isa = XCBuildConfiguration;
			buildSettings = {
				CODE_SIGN_STYLE = Automatic;
				INFOPLIST_FILE = MyDemoUITests/Info.plist;
				LD_RUNPATH_SEARCH_PATHS = (
					"$(inherited)",
					"@executable_path/Frameworks",
					"@loader_path/Frameworks",
				);
				PRODUCT_BUNDLE_IDENTIFIER = rr.MyDemoUITests;
				PRODUCT_NAME = "$(TARGET_NAME)";
				TARGETED_DEVICE_FAMILY = "1,2";
				TEST_TARGET_NAME = MyDemo;
			};
			name = Debug;
		};
		489C569F22519DDF00AA1318 /* Release */ = {
			isa = XCBuildConfiguration;
			buildSettings = {
				CODE_SIGN_STYLE = Automatic;
				INFOPLIST_FILE = MyDemoUITests/Info.plist;
				LD_RUNPATH_SEARCH_PATHS = (
					"$(inherited)",
					"@executable_path/Frameworks",
					"@loader_path/Frameworks",
				);
				PRODUCT_BUNDLE_IDENTIFIER = rr.MyDemoUITests;
				PRODUCT_NAME = "$(TARGET_NAME)";
				TARGETED_DEVICE_FAMILY = "1,2";
				TEST_TARGET_NAME = MyDemo;
			};
			name = Release;
		};
/* End XCBuildConfiguration section */

/* Begin XCConfigurationList section */
		489C566622519DDD00AA1318 /* Build configuration list for PBXProject "MyDemo" */ = {
			isa = XCConfigurationList;
			buildConfigurations = (
				489C569522519DDF00AA1318 /* Debug */,
				489C569622519DDF00AA1318 /* Release */,
			);
			defaultConfigurationIsVisible = 0;
			defaultConfigurationName = Release;
		};
		489C569722519DDF00AA1318 /* Build configuration list for PBXNativeTarget "MyDemo" */ = {
			isa = XCConfigurationList;
			buildConfigurations = (
				489C569822519DDF00AA1318 /* Debug */,
				489C569922519DDF00AA1318 /* Release */,
			);
			defaultConfigurationIsVisible = 0;
			defaultConfigurationName = Release;
		};
		489C569A22519DDF00AA1318 /* Build configuration list for PBXNativeTarget "MyDemoTests" */ = {
			isa = XCConfigurationList;
			buildConfigurations = (
				489C569B22519DDF00AA1318 /* Debug */,
				489C569C22519DDF00AA1318 /* Release */,
			);
			defaultConfigurationIsVisible = 0;
			defaultConfigurationName = Release;
		};
		489C569D22519DDF00AA1318 /* Build configuration list for PBXNativeTarget "MyDemoUITests" */ = {
			isa = XCConfigurationList;
			buildConfigurations = (
				489C569E22519DDF00AA1318 /* Debug */,
				489C569F22519DDF00AA1318 /* Release */,
			);
			defaultConfigurationIsVisible = 0;
			defaultConfigurationName = Release;
		};
/* End XCConfigurationList section */
	};
	rootObject = 489C566322519DDD00AA1318 /* Project object */;
}
